
Microsoft Visual Studio Solution File, Format Version 12.00
# Visual Studio 15
VisualStudioVersion = 15.0.28307.329
MinimumVisualStudioVersion = 10.0.40219.1
Project("{FAE04EC0-301F-11D3-BF4B-00C04F79EFBC}") = "Esercizio.Net.ConsoleApp", "Esercizio.Net.ConsoleApp\Esercizio.Net.ConsoleApp.csproj", "{F40100CA-6825-4E63-A1FA-48091C8500C8}"
EndProject
Project("{FAE04EC0-301F-11D3-BF4B-00C04F79EFBC}") = "Esercizi.Net.BusinessLogic", "Esercizi.Net.BusinessLogic\Esercizi.Net.BusinessLogic.csproj", "{C1983105-3126-42D3-BDD8-C435BFD3D5FF}"
EndProject
Project("{FAE04EC0-301F-11D3-BF4B-00C04F79EFBC}") = "Esercizi.Net.DemoBST", "Esercizi.Net.DemoBST\Esercizi.Net.DemoBST.csproj", "{AEEFF0F6-9095-4126-9C63-414A56580543}"
EndProject
Global
	GlobalSection(SolutionConfigurationPlatforms) = preSolution
		Debug|Any CPU = Debug|Any CPU
		Release|Any CPU = Release|Any CPU
	EndGlobalSection
	GlobalSection(ProjectConfigurationPlatforms) = postSolution
		{F40100CA-6825-4E63-A1FA-48091C8500C8}.Debug|Any CPU.ActiveCfg = Debug|Any CPU
		{F40100CA-6825-4E63-A1FA-48091C8500C8}.Debug|Any CPU.Build.0 = Debug|Any CPU
		{F40100CA-6825-4E63-A1FA-48091C8500C8}.Release|Any CPU.ActiveCfg = Release|Any CPU
		{F40100CA-6825-4E63-A1FA-48091C8500C8}.Release|Any CPU.Build.0 = Release|Any CPU
		{C1983105-3126-42D3-BDD8-C435BFD3D5FF}.Debug|Any CPU.ActiveCfg = Debug|Any CPU
		{C1983105-3126-42D3-BDD8-C435BFD3D5FF}.Debug|Any CPU.Build.0 = Debug|Any CPU
		{C1983105-3126-42D3-BDD8-C435BFD3D5FF}.Release|Any CPU.ActiveCfg = Release|Any CPU
		{C1983105-3126-42D3-BDD8-C435BFD3D5FF}.Release|Any CPU.Build.0 = Release|Any CPU
		{AEEFF0F6-9095-4126-9C63-414A56580543}.Debug|Any CPU.ActiveCfg = Debug|Any CPU
		{AEEFF0F6-9095-4126-9C63-414A56580543}.Debug|Any CPU.Build.0 = Debug|Any CPU
		{AEEFF0F6-9095-4126-9C63-414A56580543}.Release|Any CPU.ActiveCfg = Release|Any CPU
		{AEEFF0F6-9095-4126-9C63-414A56580543}.Release|Any CPU.Build.0 = Release|Any CPU
	EndGlobalSection
	GlobalSection(SolutionProperties) = preSolution
		HideSolutionNode = FALSE
	EndGlobalSection
	GlobalSection(ExtensibilityGlobals) = postSolution
		SolutionGuid = {32F2B102-AD6A-48B8-89DC-A8D20A73E74A}
	EndGlobalSection
EndGlobal
